
Microsoft Visual Studio Solution File, Format Version 12.00
# Visual Studio Version 16
VisualStudioVersion = 16.0.29728.190
MinimumVisualStudioVersion = 10.0.40219.1
Project("{9A19103F-16F7-4668-BE54-9A1E7A4F7556}") = "BookLib", "BookLib\BookLib.csproj", "{70AD7703-1F08-4818-8EF9-6DFF74DF955E}"
EndProject
Project("{FAE04EC0-301F-11D3-BF4B-00C04F79EFBC}") = "BookLib.Entity", "BookLib.Entity\BookLib.Entity.csproj", "{23A34C5F-FCCF-4FA3-9D43-31643CFE6F90}"
EndProject
Project("{FAE04EC0-301F-11D3-BF4B-00C04F79EFBC}") = "BookLib.Interface", "BookLib.Interface\BookLib.Interface.csproj", "{EF0FFD54-4353-4623-9D27-D73FBB4C2CC2}"
EndProject
Project("{FAE04EC0-301F-11D3-BF4B-00C04F79EFBC}") = "BookLib.Service", "BookLib.Service\BookLib.Service.csproj", "{FEE0FC41-BDFC-4CC7-9DCB-CA1BAEB2291A}"
EndProject
Project("{FAE04EC0-301F-11D3-BF4B-00C04F79EFBC}") = "BookLib.Data", "BookLib.Data\BookLib.Data.csproj", "{AEEEE55F-A58A-4458-85A9-475FC228354E}"
EndProject
Global
	GlobalSection(SolutionConfigurationPlatforms) = preSolution
		Debug|Any CPU = Debug|Any CPU
		Release|Any CPU = Release|Any CPU
	EndGlobalSection
	GlobalSection(ProjectConfigurationPlatforms) = postSolution
		{70AD7703-1F08-4818-8EF9-6DFF74DF955E}.Debug|Any CPU.ActiveCfg = Debug|Any CPU
		{70AD7703-1F08-4818-8EF9-6DFF74DF955E}.Debug|Any CPU.Build.0 = Debug|Any CPU
		{70AD7703-1F08-4818-8EF9-6DFF74DF955E}.Release|Any CPU.ActiveCfg = Release|Any CPU
		{70AD7703-1F08-4818-8EF9-6DFF74DF955E}.Release|Any CPU.Build.0 = Release|Any CPU
		{23A34C5F-FCCF-4FA3-9D43-31643CFE6F90}.Debug|Any CPU.ActiveCfg = Debug|Any CPU
		{23A34C5F-FCCF-4FA3-9D43-31643CFE6F90}.Debug|Any CPU.Build.0 = Debug|Any CPU
		{23A34C5F-FCCF-4FA3-9D43-31643CFE6F90}.Release|Any CPU.ActiveCfg = Release|Any CPU
		{23A34C5F-FCCF-4FA3-9D43-31643CFE6F90}.Release|Any CPU.Build.0 = Release|Any CPU
		{EF0FFD54-4353-4623-9D27-D73FBB4C2CC2}.Debug|Any CPU.ActiveCfg = Debug|Any CPU
		{EF0FFD54-4353-4623-9D27-D73FBB4C2CC2}.Debug|Any CPU.Build.0 = Debug|Any CPU
		{EF0FFD54-4353-4623-9D27-D73FBB4C2CC2}.Release|Any CPU.ActiveCfg = Release|Any CPU
		{EF0FFD54-4353-4623-9D27-D73FBB4C2CC2}.Release|Any CPU.Build.0 = Release|Any CPU
		{FEE0FC41-BDFC-4CC7-9DCB-CA1BAEB2291A}.Debug|Any CPU.ActiveCfg = Debug|Any CPU
		{FEE0FC41-BDFC-4CC7-9DCB-CA1BAEB2291A}.Debug|Any CPU.Build.0 = Debug|Any CPU
		{FEE0FC41-BDFC-4CC7-9DCB-CA1BAEB2291A}.Release|Any CPU.ActiveCfg = Release|Any CPU
		{FEE0FC41-BDFC-4CC7-9DCB-CA1BAEB2291A}.Release|Any CPU.Build.0 = Release|Any CPU
		{AEEEE55F-A58A-4458-85A9-475FC228354E}.Debug|Any CPU.ActiveCfg = Debug|Any CPU
		{AEEEE55F-A58A-4458-85A9-475FC228354E}.Debug|Any CPU.Build.0 = Debug|Any CPU
		{AEEEE55F-A58A-4458-85A9-475FC228354E}.Release|Any CPU.ActiveCfg = Release|Any CPU
		{AEEEE55F-A58A-4458-85A9-475FC228354E}.Release|Any CPU.Build.0 = Release|Any CPU
	EndGlobalSection
	GlobalSection(SolutionProperties) = preSolution
		HideSolutionNode = FALSE
	EndGlobalSection
	GlobalSection(ExtensibilityGlobals) = postSolution
		SolutionGuid = {4B6EAC6B-881C-4E2B-8016-A82AAB18B3FC}
	EndGlobalSection
EndGlobal
